
Microsoft Visual Studio Solution File, Format Version 12.00
# Visual Studio Version 17
VisualStudioVersion = 17.0.31919.166
MinimumVisualStudioVersion = 10.0.40219.1
Project("{FAE04EC0-301F-11D3-BF4B-00C04F79EFBC}") = "AoC", "AoC\AoC.csproj", "{A2D46C3C-6523-40E9-BAA7-9D630EF5D97D}"
EndProject
Global
	GlobalSection(SolutionConfigurationPlatforms) = preSolution
		Debug|Any CPU = Debug|Any CPU
		Release|Any CPU = Release|Any CPU
	EndGlobalSection
	GlobalSection(ProjectConfigurationPlatforms) = postSolution
		{A2D46C3C-6523-40E9-BAA7-9D630EF5D97D}.Debug|Any CPU.ActiveCfg = Debug|Any CPU
		{A2D46C3C-6523-40E9-BAA7-9D630EF5D97D}.Debug|Any CPU.Build.0 = Debug|Any CPU
		{A2D46C3C-6523-40E9-BAA7-9D630EF5D97D}.Release|Any CPU.ActiveCfg = Release|Any CPU
		{A2D46C3C-6523-40E9-BAA7-9D630EF5D97D}.Release|Any CPU.Build.0 = Release|Any CPU
	EndGlobalSection
	GlobalSection(SolutionProperties) = preSolution
		HideSolutionNode = FALSE
	EndGlobalSection
	GlobalSection(ExtensibilityGlobals) = postSolution
		SolutionGuid = {13DA0E4E-5C9E-4A90-9A52-79C3A0CA5042}
	EndGlobalSection
EndGlobal
